// !$*UTF8*$!
{
	archiveVersion = 1;
	classes = {
	};
	objectVersion = 50;
	objects = {

/* Begin PBXBuildFile section */
		1753602C2209D6FE002B2052 /* AppDelegate.swift in Sources */ = {isa = PBXBuildFile; fileRef = 1753602B2209D6FE002B2052 /* AppDelegate.swift */; };
		1753602E2209D6FE002B2052 /* ViewController.swift in Sources */ = {isa = PBXBuildFile; fileRef = 1753602D2209D6FE002B2052 /* ViewController.swift */; };
		175360312209D6FE002B2052 /* Main.storyboard in Resources */ = {isa = PBXBuildFile; fileRef = 1753602F2209D6FE002B2052 /* Main.storyboard */; };
		175360332209D700002B2052 /* Assets.xcassets in Resources */ = {isa = PBXBuildFile; fileRef = 175360322209D700002B2052 /* Assets.xcassets */; };
		175360362209D700002B2052 /* LaunchScreen.storyboard in Resources */ = {isa = PBXBuildFile; fileRef = 175360342209D700002B2052 /* LaunchScreen.storyboard */; };
		1753603E2209DB71002B2052 /* CategoryTableViewController.swift in Sources */ = {isa = PBXBuildFile; fileRef = 1753603D2209DB71002B2052 /* CategoryTableViewController.swift */; };
		175360402209DB97002B2052 /* MenuTableViewController.swift in Sources */ = {isa = PBXBuildFile; fileRef = 1753603F2209DB97002B2052 /* MenuTableViewController.swift */; };
		175360422209DBC9002B2052 /* OrderTableViewController.swift in Sources */ = {isa = PBXBuildFile; fileRef = 175360412209DBC9002B2052 /* OrderTableViewController.swift */; };
		17D9DA042209DEFB002532E3 /* MenuItemDetailViewController.swift in Sources */ = {isa = PBXBuildFile; fileRef = 17D9DA032209DEFB002532E3 /* MenuItemDetailViewController.swift */; };
/* End PBXBuildFile section */

/* Begin PBXFileReference section */
		175360282209D6FE002B2052 /* Restaurant App.app */ = {isa = PBXFileReference; explicitFileType = wrapper.application; includeInIndex = 0; path = "Restaurant App.app"; sourceTree = BUILT_PRODUCTS_DIR; };
		1753602B2209D6FE002B2052 /* AppDelegate.swift */ = {isa = PBXFileReference; lastKnownFileType = sourcecode.swift; path = AppDelegate.swift; sourceTree = "<group>"; };
		1753602D2209D6FE002B2052 /* ViewController.swift */ = {isa = PBXFileReference; lastKnownFileType = sourcecode.swift; path = ViewController.swift; sourceTree = "<group>"; };
		175360302209D6FE002B2052 /* Base */ = {isa = PBXFileReference; lastKnownFileType = file.storyboard; name = Base; path = Base.lproj/Main.storyboard; sourceTree = "<group>"; };
		175360322209D700002B2052 /* Assets.xcassets */ = {isa = PBXFileReference; lastKnownFileType = folder.assetcatalog; path = Assets.xcassets; sourceTree = "<group>"; };
		175360352209D700002B2052 /* Base */ = {isa = PBXFileReference; lastKnownFileType = file.storyboard; name = Base; path = Base.lproj/LaunchScreen.storyboard; sourceTree = "<group>"; };
		175360372209D700002B2052 /* Info.plist */ = {isa = PBXFileReference; lastKnownFileType = text.plist.xml; path = Info.plist; sourceTree = "<group>"; };
		1753603D2209DB71002B2052 /* CategoryTableViewController.swift */ = {isa = PBXFileReference; lastKnownFileType = sourcecode.swift; path = CategoryTableViewController.swift; sourceTree = "<group>"; };
		1753603F2209DB97002B2052 /* MenuTableViewController.swift */ = {isa = PBXFileReference; lastKnownFileType = sourcecode.swift; path = MenuTableViewController.swift; sourceTree = "<group>"; };
		175360412209DBC9002B2052 /* OrderTableViewController.swift */ = {isa = PBXFileReference; lastKnownFileType = sourcecode.swift; path = OrderTableViewController.swift; sourceTree = "<group>"; };
		17D9DA032209DEFB002532E3 /* MenuItemDetailViewController.swift */ = {isa = PBXFileReference; lastKnownFileType = sourcecode.swift; path = MenuItemDetailViewController.swift; sourceTree = "<group>"; };
/* End PBXFileReference section */

/* Begin PBXFrameworksBuildPhase section */
		175360252209D6FE002B2052 /* Frameworks */ = {
			isa = PBXFrameworksBuildPhase;
			buildActionMask = 2147483647;
			files = (
			);
			runOnlyForDeploymentPostprocessing = 0;
		};
/* End PBXFrameworksBuildPhase section */

/* Begin PBXGroup section */
		1753601F2209D6FE002B2052 = {
			isa = PBXGroup;
			children = (
				1753603D2209DB71002B2052 /* CategoryTableViewController.swift */,
				1753603F2209DB97002B2052 /* MenuTableViewController.swift */,
				175360412209DBC9002B2052 /* OrderTableViewController.swift */,
				17D9DA032209DEFB002532E3 /* MenuItemDetailViewController.swift */,
				1753602A2209D6FE002B2052 /* Restaurant App */,
				175360292209D6FE002B2052 /* Products */,
			);
			sourceTree = "<group>";
		};
		175360292209D6FE002B2052 /* Products */ = {
			isa = PBXGroup;
			children = (
				175360282209D6FE002B2052 /* Restaurant App.app */,
			);
			name = Products;
			sourceTree = "<group>";
		};
		1753602A2209D6FE002B2052 /* Restaurant App */ = {
			isa = PBXGroup;
			children = (
				1753602B2209D6FE002B2052 /* AppDelegate.swift */,
				1753602D2209D6FE002B2052 /* ViewController.swift */,
				1753602F2209D6FE002B2052 /* Main.storyboard */,
				175360322209D700002B2052 /* Assets.xcassets */,
				175360342209D700002B2052 /* LaunchScreen.storyboard */,
				175360372209D700002B2052 /* Info.plist */,
			);
			path = "Restaurant App";
			sourceTree = "<group>";
		};
/* End PBXGroup section */

/* Begin PBXNativeTarget section */
		175360272209D6FE002B2052 /* Restaurant App */ = {
			isa = PBXNativeTarget;
			buildConfigurationList = 1753603A2209D700002B2052 /* Build configuration list for PBXNativeTarget "Restaurant App" */;
			buildPhases = (
				175360242209D6FE002B2052 /* Sources */,
				175360252209D6FE002B2052 /* Frameworks */,
				175360262209D6FE002B2052 /* Resources */,
			);
			buildRules = (
			);
			dependencies = (
			);
			name = "Restaurant App";
			productName = "Restaurant App";
			productReference = 175360282209D6FE002B2052 /* Restaurant App.app */;
			productType = "com.apple.product-type.application";
		};
/* End PBXNativeTarget section */

/* Begin PBXProject section */
		175360202209D6FE002B2052 /* Project object */ = {
			isa = PBXProject;
			attributes = {
				LastSwiftUpdateCheck = 1010;
				LastUpgradeCheck = 1010;
				ORGANIZATIONNAME = JARBerry;
				TargetAttributes = {
					175360272209D6FE002B2052 = {
						CreatedOnToolsVersion = 10.1;
					};
				};
			};
			buildConfigurationList = 175360232209D6FE002B2052 /* Build configuration list for PBXProject "Restaurant App" */;
			compatibilityVersion = "Xcode 9.3";
			developmentRegion = en;
			hasScannedForEncodings = 0;
			knownRegions = (
				en,
				Base,
			);
			mainGroup = 1753601F2209D6FE002B2052;
			productRefGroup = 175360292209D6FE002B2052 /* Products */;
			projectDirPath = "";
			projectRoot = "";
			targets = (
				175360272209D6FE002B2052 /* Restaurant App */,
			);
		};
/* End PBXProject section */

/* Begin PBXResourcesBuildPhase section */
		175360262209D6FE002B2052 /* Resources */ = {
			isa = PBXResourcesBuildPhase;
			buildActionMask = 2147483647;
			files = (
				175360362209D700002B2052 /* LaunchScreen.storyboard in Resources */,
				175360332209D700002B2052 /* Assets.xcassets in Resources */,
				175360312209D6FE002B2052 /* Main.storyboard in Resources */,
			);
			runOnlyForDeploymentPostprocessing = 0;
		};
/* End PBXResourcesBuildPhase section */

/* Begin PBXSourcesBuildPhase section */
		175360242209D6FE002B2052 /* Sources */ = {
			isa = PBXSourcesBuildPhase;
			buildActionMask = 2147483647;
			files = (
				175360402209DB97002B2052 /* MenuTableViewController.swift in Sources */,
				17D9DA042209DEFB002532E3 /* MenuItemDetailViewController.swift in Sources */,
				175360422209DBC9002B2052 /* OrderTableViewController.swift in Sources */,
				1753602E2209D6FE002B2052 /* ViewController.swift in Sources */,
				1753602C2209D6FE002B2052 /* AppDelegate.swift in Sources */,
				1753603E2209DB71002B2052 /* CategoryTableViewController.swift in Sources */,
			);
			runOnlyForDeploymentPostprocessing = 0;
		};
/* End PBXSourcesBuildPhase section */

/* Begin PBXVariantGroup section */
		1753602F2209D6FE002B2052 /* Main.storyboard */ = {
			isa = PBXVariantGroup;
			children = (
				175360302209D6FE002B2052 /* Base */,
			);
			name = Main.storyboard;
			sourceTree = "<group>";
		};
		175360342209D700002B2052 /* LaunchScreen.storyboard */ = {
			isa = PBXVariantGroup;
			children = (
				175360352209D700002B2052 /* Base */,
			);
			name = LaunchScreen.storyboard;
			sourceTree = "<group>";
		};
/* End PBXVariantGroup section */

/* Begin XCBuildConfiguration section */
		175360382209D700002B2052 /* Debug */ = {
			isa = XCBuildConfiguration;
			buildSettings = {
				ALWAYS_SEARCH_USER_PATHS = NO;
				CLANG_ANALYZER_NONNULL = YES;
				CLANG_ANALYZER_NUMBER_OBJECT_CONVERSION = YES_AGGRESSIVE;
				CLANG_CXX_LANGUAGE_STANDARD = "gnu++14";
				CLANG_CXX_LIBRARY = "libc++";
				CLANG_ENABLE_MODULES = YES;
				CLANG_ENABLE_OBJC_ARC = YES;
				CLANG_ENABLE_OBJC_WEAK = YES;
				CLANG_WARN_BLOCK_CAPTURE_AUTORELEASING = YES;
				CLANG_WARN_BOOL_CONVERSION = YES;
				CLANG_WARN_COMMA = YES;
				CLANG_WARN_CONSTANT_CONVERSION = YES;
				CLANG_WARN_DEPRECATED_OBJC_IMPLEMENTATIONS = YES;
				CLANG_WARN_DIRECT_OBJC_ISA_USAGE = YES_ERROR;
				CLANG_WARN_DOCUMENTATION_COMMENTS = YES;
				CLANG_WARN_EMPTY_BODY = YES;
				CLANG_WARN_ENUM_CONVERSION = YES;
				CLANG_WARN_INFINITE_RECURSION = YES;
				CLANG_WARN_INT_CONVERSION = YES;
				CLANG_WARN_NON_LITERAL_NULL_CONVERSION = YES;
				CLANG_WARN_OBJC_IMPLICIT_RETAIN_SELF = YES;
				CLANG_WARN_OBJC_LITERAL_CONVERSION = YES;
				CLANG_WARN_OBJC_ROOT_CLASS = YES_ERROR;
				CLANG_WARN_RANGE_LOOP_ANALYSIS = YES;
				CLANG_WARN_STRICT_PROTOTYPES = YES;
				CLANG_WARN_SUSPICIOUS_MOVE = YES;
				CLANG_WARN_UNGUARDED_AVAILABILITY = YES_AGGRESSIVE;
				CLANG_WARN_UNREACHABLE_CODE = YES;
				CLANG_WARN__DUPLICATE_METHOD_MATCH = YES;
				CODE_SIGN_IDENTITY = "iPhone Developer";
				COPY_PHASE_STRIP = NO;
				DEBUG_INFORMATION_FORMAT = dwarf;
				ENABLE_STRICT_OBJC_MSGSEND = YES;
				ENABLE_TESTABILITY = YES;
				GCC_C_LANGUAGE_STANDARD = gnu11;
				GCC_DYNAMIC_NO_PIC = NO;
				GCC_NO_COMMON_BLOCKS = YES;
				GCC_OPTIMIZATION_LEVEL = 0;
				GCC_PREPROCESSOR_DEFINITIONS = (
					"DEBUG=1",
					"$(inherited)",
				);
				GCC_WARN_64_TO_32_BIT_CONVERSION = YES;
				GCC_WARN_ABOUT_RETURN_TYPE = YES_ERROR;
				GCC_WARN_UNDECLARED_SELECTOR = YES;
				GCC_WARN_UNINITIALIZED_AUTOS = YES_AGGRESSIVE;
				GCC_WARN_UNUSED_FUNCTION = YES;
				GCC_WARN_UNUSED_VARIABLE = YES;
				IPHONEOS_DEPLOYMENT_TARGET = 12.1;
				MTL_ENABLE_DEBUG_INFO = INCLUDE_SOURCE;
				MTL_FAST_MATH = YES;
				ONLY_ACTIVE_ARCH = YES;
				SDKROOT = iphoneos;
				SWIFT_ACTIVE_COMPILATION_CONDITIONS = DEBUG;
				SWIFT_OPTIMIZATION_LEVEL = "-Onone";
			};
			name = Debug;
		};
		175360392209D700002B2052 /* Release */ = {
			isa = XCBuildConfiguration;
			buildSettings = {
				ALWAYS_SEARCH_USER_PATHS = NO;
				CLANG_ANALYZER_NONNULL = YES;
				CLANG_ANALYZER_NUMBER_OBJECT_CONVERSION = YES_AGGRESSIVE;
				CLANG_CXX_LANGUAGE_STANDARD = "gnu++14";
				CLANG_CXX_LIBRARY = "libc++";
				CLANG_ENABLE_MODULES = YES;
				CLANG_ENABLE_OBJC_ARC = YES;
				CLANG_ENABLE_OBJC_WEAK = YES;
				CLANG_WARN_BLOCK_CAPTURE_AUTORELEASING = YES;
				CLANG_WARN_BOOL_CONVERSION = YES;
				CLANG_WARN_COMMA = YES;
				CLANG_WARN_CONSTANT_CONVERSION = YES;
				CLANG_WARN_DEPRECATED_OBJC_IMPLEMENTATIONS = YES;
				CLANG_WARN_DIRECT_OBJC_ISA_USAGE = YES_ERROR;
				CLANG_WARN_DOCUMENTATION_COMMENTS = YES;
				CLANG_WARN_EMPTY_BODY = YES;
				CLANG_WARN_ENUM_CONVERSION = YES;
				CLANG_WARN_INFINITE_RECURSION = YES;
				CLANG_WARN_INT_CONVERSION = YES;
				CLANG_WARN_NON_LITERAL_NULL_CONVERSION = YES;
				CLANG_WARN_OBJC_IMPLICIT_RETAIN_SELF = YES;
				CLANG_WARN_OBJC_LITERAL_CONVERSION = YES;
				CLANG_WARN_OBJC_ROOT_CLASS = YES_ERROR;
				CLANG_WARN_RANGE_LOOP_ANALYSIS = YES;
				CLANG_WARN_STRICT_PROTOTYPES = YES;
				CLANG_WARN_SUSPICIOUS_MOVE = YES;
				CLANG_WARN_UNGUARDED_AVAILABILITY = YES_AGGRESSIVE;
				CLANG_WARN_UNREACHABLE_CODE = YES;
				CLANG_WARN__DUPLICATE_METHOD_MATCH = YES;
				CODE_SIGN_IDENTITY = "iPhone Developer";
				COPY_PHASE_STRIP = NO;
				DEBUG_INFORMATION_FORMAT = "dwarf-with-dsym";
				ENABLE_NS_ASSERTIONS = NO;
				ENABLE_STRICT_OBJC_MSGSEND = YES;
				GCC_C_LANGUAGE_STANDARD = gnu11;
				GCC_NO_COMMON_BLOCKS = YES;
				GCC_WARN_64_TO_32_BIT_CONVERSION = YES;
				GCC_WARN_ABOUT_RETURN_TYPE = YES_ERROR;
				GCC_WARN_UNDECLARED_SELECTOR = YES;
				GCC_WARN_UNINITIALIZED_AUTOS = YES_AGGRESSIVE;
				GCC_WARN_UNUSED_FUNCTION = YES;
				GCC_WARN_UNUSED_VARIABLE = YES;
				IPHONEOS_DEPLOYMENT_TARGET = 12.1;
				MTL_ENABLE_DEBUG_INFO = NO;
				MTL_FAST_MATH = YES;
				SDKROOT = iphoneos;
				SWIFT_COMPILATION_MODE = wholemodule;
				SWIFT_OPTIMIZATION_LEVEL = "-O";
				VALIDATE_PRODUCT = YES;
			};
			name = Release;
		};
		1753603B2209D700002B2052 /* Debug */ = {
			isa = XCBuildConfiguration;
			buildSettings = {
				ASSETCATALOG_COMPILER_APPICON_NAME = AppIcon;
				CODE_SIGN_STYLE = Automatic;
				DEVELOPMENT_TEAM = DRHGZRH3X9;
				INFOPLIST_FILE = "Restaurant App/Info.plist";
				LD_RUNPATH_SEARCH_PATHS = (
					"$(inherited)",
					"@executable_path/Frameworks",
				);
				PRODUCT_BUNDLE_IDENTIFIER = "com.JARBerry.Restaurant-App";
				PRODUCT_NAME = "$(TARGET_NAME)";
				SWIFT_VERSION = 4.2;
				TARGETED_DEVICE_FAMILY = "1,2";
			};
			name = Debug;
		};
		1753603C2209D700002B2052 /* Release */ = {
			isa = XCBuildConfiguration;
			buildSettings = {
				ASSETCATALOG_COMPILER_APPICON_NAME = AppIcon;
				CODE_SIGN_STYLE = Automatic;
				DEVELOPMENT_TEAM = DRHGZRH3X9;
				INFOPLIST_FILE = "Restaurant App/Info.plist";
				LD_RUNPATH_SEARCH_PATHS = (
					"$(inherited)",
					"@executable_path/Frameworks",
				);
				PRODUCT_BUNDLE_IDENTIFIER = "com.JARBerry.Restaurant-App";
				PRODUCT_NAME = "$(TARGET_NAME)";
				SWIFT_VERSION = 4.2;
				TARGETED_DEVICE_FAMILY = "1,2";
			};
			name = Release;
		};
/* End XCBuildConfiguration section */

/* Begin XCConfigurationList section */
		175360232209D6FE002B2052 /* Build configuration list for PBXProject "Restaurant App" */ = {
			isa = XCConfigurationList;
			buildConfigurations = (
				175360382209D700002B2052 /* Debug */,
				175360392209D700002B2052 /* Release */,
			);
			defaultConfigurationIsVisible = 0;
			defaultConfigurationName = Release;
		};
		1753603A2209D700002B2052 /* Build configuration list for PBXNativeTarget "Restaurant App" */ = {
			isa = XCConfigurationList;
			buildConfigurations = (
				1753603B2209D700002B2052 /* Debug */,
				1753603C2209D700002B2052 /* Release */,
			);
			defaultConfigurationIsVisible = 0;
			defaultConfigurationName = Release;
		};
/* End XCConfigurationList section */
	};
	rootObject = 175360202209D6FE002B2052 /* Project object */;
}
